
Microsoft Visual Studio Solution File, Format Version 12.00
# Visual Studio 15
VisualStudioVersion = 15.0.27703.2026
MinimumVisualStudioVersion = 10.0.40219.1
Project("{FAE04EC0-301F-11D3-BF4B-00C04F79EFBC}") = "Grpc.Gcp", "Grpc.Gcp\Grpc.Gcp.csproj", "{C70F8080-A8F5-4D7D-B6F3-531B706EF0A9}"
EndProject
Project("{FAE04EC0-301F-11D3-BF4B-00C04F79EFBC}") = "Grpc.Gcp.IntegrationTest", "Grpc.Gcp.IntegrationTest\Grpc.Gcp.IntegrationTest.csproj", "{E6DD7B50-DBF8-4EC5-AFEF-FE4B10BF7C76}"
	ProjectSection(ProjectDependencies) = postProject
		{C70F8080-A8F5-4D7D-B6F3-531B706EF0A9} = {C70F8080-A8F5-4D7D-B6F3-531B706EF0A9}
	EndProjectSection
EndProject
Project("{2150E333-8FDC-42A3-9474-1A3956D46DE8}") = "protos", "protos", "{77417F79-BAF7-4B81-8280-D9B236AFB872}"
	ProjectSection(SolutionItems) = preProject
		protos\grpc_gcp.proto = protos\grpc_gcp.proto
	EndProjectSection
EndProject
Project("{2150E333-8FDC-42A3-9474-1A3956D46DE8}") = "Solution Items", "Solution Items", "{77906C41-CF22-4FDE-93E1-B19D3FC6E2F4}"
	ProjectSection(SolutionItems) = preProject
		codegen.bat = codegen.bat
	EndProjectSection
EndProject
Global
	GlobalSection(SolutionConfigurationPlatforms) = preSolution
		Debug|Any CPU = Debug|Any CPU
		Release|Any CPU = Release|Any CPU
	EndGlobalSection
	GlobalSection(ProjectConfigurationPlatforms) = postSolution
		{C70F8080-A8F5-4D7D-B6F3-531B706EF0A9}.Debug|Any CPU.ActiveCfg = Debug|Any CPU
		{C70F8080-A8F5-4D7D-B6F3-531B706EF0A9}.Debug|Any CPU.Build.0 = Debug|Any CPU
		{C70F8080-A8F5-4D7D-B6F3-531B706EF0A9}.Release|Any CPU.ActiveCfg = Release|Any CPU
		{C70F8080-A8F5-4D7D-B6F3-531B706EF0A9}.Release|Any CPU.Build.0 = Release|Any CPU
		{E6DD7B50-DBF8-4EC5-AFEF-FE4B10BF7C76}.Debug|Any CPU.ActiveCfg = Debug|Any CPU
		{E6DD7B50-DBF8-4EC5-AFEF-FE4B10BF7C76}.Debug|Any CPU.Build.0 = Debug|Any CPU
		{E6DD7B50-DBF8-4EC5-AFEF-FE4B10BF7C76}.Release|Any CPU.ActiveCfg = Release|Any CPU
		{E6DD7B50-DBF8-4EC5-AFEF-FE4B10BF7C76}.Release|Any CPU.Build.0 = Release|Any CPU
	EndGlobalSection
	GlobalSection(SolutionProperties) = preSolution
		HideSolutionNode = FALSE
	EndGlobalSection
	GlobalSection(NestedProjects) = preSolution
		{77417F79-BAF7-4B81-8280-D9B236AFB872} = {77906C41-CF22-4FDE-93E1-B19D3FC6E2F4}
	EndGlobalSection
	GlobalSection(ExtensibilityGlobals) = postSolution
		SolutionGuid = {CE5CE7FA-D816-4859-9EC9-5CF79C447C3F}
	EndGlobalSection
EndGlobal
